{
  "name": "fdei_docs",
  "lockfileVersion": 3,
  "requires": true,
  "packages": {
    "": {
      "devDependencies": {
        "@mdit/plugin-attrs": "^0.9.0",
        "@mdit/plugin-figure": "^0.9.0",
        "@mdit/plugin-img-size": "^0.9.0",
        "vitepress-plugin-image-viewer": "^1.1.4"
      }
    },
    "node_modules/@mdit/plugin-attrs": {
      "version": "0.9.0",
      "resolved": "https://registry.npmjs.org/@mdit/plugin-attrs/-/plugin-attrs-0.9.0.tgz",
      "integrity": "sha512-cLJI0St1G9qsuY6NU6smznXNBeSWBtyub70ti1eZIt0gRc50Sm23jrxAFhqbpQv/WzvZ5CG7U3epPYLu1hAL+w==",
      "dev": true,
      "dependencies": {
        "@types/markdown-it": "^14.0.1"
      },
      "engines": {
        "node": ">= 18"
      },
      "peerDependencies": {
        "markdown-it": "^14.1.0"
      },
      "peerDependenciesMeta": {
        "markdown-it": {
          "optional": true
        }
      }
    },
    "node_modules/@mdit/plugin-figure": {
      "version": "0.9.0",
      "resolved": "https://registry.npmjs.org/@mdit/plugin-figure/-/plugin-figure-0.9.0.tgz",
      "integrity": "sha512-3cEtAf+NkNpI1kCs9a3W6TwWlC9hwlMOb7D60+wc9JqK8W+uwPNcSIupqp+NFJk/mWyOSx5CTvyTi3F7wb3zPg==",
      "dev": true,
      "dependencies": {
        "@types/markdown-it": "^14.0.1"
      },
      "engines": {
        "node": ">= 18"
      },
      "peerDependencies": {
        "markdown-it": "^14.1.0"
      },
      "peerDependenciesMeta": {
        "markdown-it": {
          "optional": true
        }
      }
    },
    "node_modules/@mdit/plugin-img-size": {
      "version": "0.9.0",
      "resolved": "https://registry.npmjs.org/@mdit/plugin-img-size/-/plugin-img-size-0.9.0.tgz",
      "integrity": "sha512-JKETpwJh7AvnCzZnLazPRZ36Q0nd/VC53D0Z2Jv7KmRDDxomfZ54pIFLe379ropkr46kD5SeFFr79R9Nazd9hw==",
      "dev": true,
      "dependencies": {
        "@types/markdown-it": "^14.0.1"
      },
      "engines": {
        "node": ">= 18"
      },
      "peerDependencies": {
        "markdown-it": "^14.1.0"
      },
      "peerDependenciesMeta": {
        "markdown-it": {
          "optional": true
        }
      }
    },
    "node_modules/@types/linkify-it": {
      "version": "3.0.5",
      "resolved": "https://registry.npmjs.org/@types/linkify-it/-/linkify-it-3.0.5.tgz",
      "integrity": "sha512-yg6E+u0/+Zjva+buc3EIb+29XEg4wltq7cSmd4Uc2EE/1nUVmxyzpX6gUXD0V8jIrG0r7YeOGVIbYRkxeooCtw==",
      "dev": true
    },
    "node_modules/@types/markdown-it": {
      "version": "14.0.1",
      "resolved": "https://registry.npmjs.org/@types/markdown-it/-/markdown-it-14.0.1.tgz",
      "integrity": "sha512-6WfOG3jXR78DW8L5cTYCVVGAsIFZskRHCDo5tbqa+qtKVt4oDRVH7hyIWu1SpDQJlmIoEivNQZ5h+AGAOrgOtQ==",
      "dev": true,
      "dependencies": {
        "@types/linkify-it": "*",
        "@types/mdurl": "*"
      }
    },
    "node_modules/@types/mdurl": {
      "version": "1.0.5",
      "resolved": "https://registry.npmjs.org/@types/mdurl/-/mdurl-1.0.5.tgz",
      "integrity": "sha512-6L6VymKTzYSrEf4Nev4Xa1LCHKrlTlYCBMTlQKFuddo1CvQcE52I0mwfOJayueUC7MJuXOeHTcIU683lzd0cUA==",
      "dev": true
    },
    "node_modules/viewerjs": {
      "version": "1.11.6",
      "resolved": "https://registry.npmjs.org/viewerjs/-/viewerjs-1.11.6.tgz",
      "integrity": "sha512-TlhdSp2oEOLFXvEp4psKaeTjR5zBjTRcM/sHUN8PkV1UWuY8HKC8n7GaVdW5Xqnwdr/F1OmzLik1QwDjI4w/nw==",
      "dev": true
    },
    "node_modules/vitepress-plugin-image-viewer": {
      "version": "1.1.4",
      "resolved": "https://registry.npmjs.org/vitepress-plugin-image-viewer/-/vitepress-plugin-image-viewer-1.1.4.tgz",
      "integrity": "sha512-loV/g/Kgz+O3DNebtSg0UPTt+2IhSIzNtcVGz1kB+A3nuVygMoaLdhrrZFuF3+obIkYINe+HVX0BAacWtFMBkA==",
      "dev": true,
      "dependencies": {
        "viewerjs": "^1.11.3"
      }
    }
  }
}
